
Microsoft Visual Studio Solution File, Format Version 12.00
# Visual Studio Version 17
VisualStudioVersion = 17.14.36414.22 d17.14
MinimumVisualStudioVersion = 10.0.40219.1
Project("{FAE04EC0-301F-11D3-BF4B-00C04F79EFBC}") = "BinaryApp", "BinaryApp.csproj", "{D00DDA6D-8BAF-49B2-B9E6-36750D698B11}"
EndProject
Global
	GlobalSection(SolutionConfigurationPlatforms) = preSolution
		Debug|Any CPU = Debug|Any CPU
		Release|Any CPU = Release|Any CPU
	EndGlobalSection
	GlobalSection(ProjectConfigurationPlatforms) = postSolution
		{D00DDA6D-8BAF-49B2-B9E6-36750D698B11}.Debug|Any CPU.ActiveCfg = Debug|Any CPU
		{D00DDA6D-8BAF-49B2-B9E6-36750D698B11}.Debug|Any CPU.Build.0 = Debug|Any CPU
		{D00DDA6D-8BAF-49B2-B9E6-36750D698B11}.Release|Any CPU.ActiveCfg = Release|Any CPU
		{D00DDA6D-8BAF-49B2-B9E6-36750D698B11}.Release|Any CPU.Build.0 = Release|Any CPU
	EndGlobalSection
	GlobalSection(SolutionProperties) = preSolution
		HideSolutionNode = FALSE
	EndGlobalSection
	GlobalSection(ExtensibilityGlobals) = postSolution
		SolutionGuid = {A254CB47-AC5B-487F-8763-5BB7C026FE83}
	EndGlobalSection
EndGlobal
