
Microsoft Visual Studio Solution File, Format Version 12.00
# Visual Studio Version 17
VisualStudioVersion = 17.14.36414.22 d17.14
MinimumVisualStudioVersion = 10.0.40219.1
Project("{FAE04EC0-301F-11D3-BF4B-00C04F79EFBC}") = "Housing", "Housing\Housing.csproj", "{3EAC7AB0-9BAB-4222-AA6C-75EF7F5DDB46}"
EndProject
Project("{FAE04EC0-301F-11D3-BF4B-00C04F79EFBC}") = "IUnits", "IUnits\IUnits.csproj", "{28E8624D-B9CA-433F-B001-C8C42BB4F57F}"
EndProject
Project("{FAE04EC0-301F-11D3-BF4B-00C04F79EFBC}") = "SingleFamily", "SingleFamily\SingleFamily.csproj", "{CD083EA8-88D0-48BC-8E48-0D23BFD53D01}"
EndProject
Project("{FAE04EC0-301F-11D3-BF4B-00C04F79EFBC}") = "MultiUnits", "MultiUnits\MultiUnits.csproj", "{5A05A195-C6A7-4994-AEB5-DDA07D2D2AF0}"
EndProject
Project("{FAE04EC0-301F-11D3-BF4B-00C04F79EFBC}") = "PresentationGUI", "PresentationGUI\PresentationGUI.csproj", "{F0B0BE95-E02F-4A5C-ADD8-E1D661135734}"
EndProject
Global
	GlobalSection(SolutionConfigurationPlatforms) = preSolution
		Debug|Any CPU = Debug|Any CPU
		Release|Any CPU = Release|Any CPU
	EndGlobalSection
	GlobalSection(ProjectConfigurationPlatforms) = postSolution
		{3EAC7AB0-9BAB-4222-AA6C-75EF7F5DDB46}.Debug|Any CPU.ActiveCfg = Debug|Any CPU
		{3EAC7AB0-9BAB-4222-AA6C-75EF7F5DDB46}.Debug|Any CPU.Build.0 = Debug|Any CPU
		{3EAC7AB0-9BAB-4222-AA6C-75EF7F5DDB46}.Release|Any CPU.ActiveCfg = Release|Any CPU
		{3EAC7AB0-9BAB-4222-AA6C-75EF7F5DDB46}.Release|Any CPU.Build.0 = Release|Any CPU
		{28E8624D-B9CA-433F-B001-C8C42BB4F57F}.Debug|Any CPU.ActiveCfg = Debug|Any CPU
		{28E8624D-B9CA-433F-B001-C8C42BB4F57F}.Debug|Any CPU.Build.0 = Debug|Any CPU
		{28E8624D-B9CA-433F-B001-C8C42BB4F57F}.Release|Any CPU.ActiveCfg = Release|Any CPU
		{28E8624D-B9CA-433F-B001-C8C42BB4F57F}.Release|Any CPU.Build.0 = Release|Any CPU
		{CD083EA8-88D0-48BC-8E48-0D23BFD53D01}.Debug|Any CPU.ActiveCfg = Debug|Any CPU
		{CD083EA8-88D0-48BC-8E48-0D23BFD53D01}.Debug|Any CPU.Build.0 = Debug|Any CPU
		{CD083EA8-88D0-48BC-8E48-0D23BFD53D01}.Release|Any CPU.ActiveCfg = Release|Any CPU
		{CD083EA8-88D0-48BC-8E48-0D23BFD53D01}.Release|Any CPU.Build.0 = Release|Any CPU
		{5A05A195-C6A7-4994-AEB5-DDA07D2D2AF0}.Debug|Any CPU.ActiveCfg = Debug|Any CPU
		{5A05A195-C6A7-4994-AEB5-DDA07D2D2AF0}.Debug|Any CPU.Build.0 = Debug|Any CPU
		{5A05A195-C6A7-4994-AEB5-DDA07D2D2AF0}.Release|Any CPU.ActiveCfg = Release|Any CPU
		{5A05A195-C6A7-4994-AEB5-DDA07D2D2AF0}.Release|Any CPU.Build.0 = Release|Any CPU
		{F0B0BE95-E02F-4A5C-ADD8-E1D661135734}.Debug|Any CPU.ActiveCfg = Debug|Any CPU
		{F0B0BE95-E02F-4A5C-ADD8-E1D661135734}.Debug|Any CPU.Build.0 = Debug|Any CPU
		{F0B0BE95-E02F-4A5C-ADD8-E1D661135734}.Release|Any CPU.ActiveCfg = Release|Any CPU
		{F0B0BE95-E02F-4A5C-ADD8-E1D661135734}.Release|Any CPU.Build.0 = Release|Any CPU
	EndGlobalSection
	GlobalSection(SolutionProperties) = preSolution
		HideSolutionNode = FALSE
	EndGlobalSection
	GlobalSection(ExtensibilityGlobals) = postSolution
		SolutionGuid = {98B0B1DC-8998-44B8-BC7F-8F315550D078}
	EndGlobalSection
EndGlobal
