
Microsoft Visual Studio Solution File, Format Version 12.00
# Visual Studio Version 17
VisualStudioVersion = 17.14.36414.22 d17.14
MinimumVisualStudioVersion = 10.0.40219.1
Project("{FAE04EC0-301F-11D3-BF4B-00C04F79EFBC}") = "BankApp", "BankApp.csproj", "{4FE856E0-E623-4E79-AFA4-278FC395AC15}"
EndProject
Global
	GlobalSection(SolutionConfigurationPlatforms) = preSolution
		Debug|Any CPU = Debug|Any CPU
		Release|Any CPU = Release|Any CPU
	EndGlobalSection
	GlobalSection(ProjectConfigurationPlatforms) = postSolution
		{4FE856E0-E623-4E79-AFA4-278FC395AC15}.Debug|Any CPU.ActiveCfg = Debug|Any CPU
		{4FE856E0-E623-4E79-AFA4-278FC395AC15}.Debug|Any CPU.Build.0 = Debug|Any CPU
		{4FE856E0-E623-4E79-AFA4-278FC395AC15}.Release|Any CPU.ActiveCfg = Release|Any CPU
		{4FE856E0-E623-4E79-AFA4-278FC395AC15}.Release|Any CPU.Build.0 = Release|Any CPU
	EndGlobalSection
	GlobalSection(SolutionProperties) = preSolution
		HideSolutionNode = FALSE
	EndGlobalSection
	GlobalSection(ExtensibilityGlobals) = postSolution
		SolutionGuid = {2E75B1DC-93D5-4DE2-B1A7-8A06CBF545A1}
	EndGlobalSection
EndGlobal
